
Microsoft Visual Studio Solution File, Format Version 12.00
# Visual Studio Version 16
VisualStudioVersion = 16.0.28803.352
MinimumVisualStudioVersion = 10.0.40219.1
Project("{FAE04EC0-301F-11D3-BF4B-00C04F79EFBC}") = "Moderation Bot [LINUX]", "Moderation Bot [LINUX]\Moderation Bot [LINUX].csproj", "{7EDCDD5D-773A-4613-AFE4-4E4B802D0FFA}"
EndProject
Project("{FAE04EC0-301F-11D3-BF4B-00C04F79EFBC}") = "Moderation Bot [WINDOWS]", "Moderation Bot [WINDOWS]\Moderation Bot [WINDOWS].csproj", "{84858617-DB74-47D2-B6E2-707530153DFC}"
EndProject
Global
	GlobalSection(SolutionConfigurationPlatforms) = preSolution
		Debug|Any CPU = Debug|Any CPU
		Release|Any CPU = Release|Any CPU
	EndGlobalSection
	GlobalSection(ProjectConfigurationPlatforms) = postSolution
		{7EDCDD5D-773A-4613-AFE4-4E4B802D0FFA}.Debug|Any CPU.ActiveCfg = Debug|Any CPU
		{7EDCDD5D-773A-4613-AFE4-4E4B802D0FFA}.Debug|Any CPU.Build.0 = Debug|Any CPU
		{7EDCDD5D-773A-4613-AFE4-4E4B802D0FFA}.Release|Any CPU.ActiveCfg = Release|Any CPU
		{7EDCDD5D-773A-4613-AFE4-4E4B802D0FFA}.Release|Any CPU.Build.0 = Release|Any CPU
		{84858617-DB74-47D2-B6E2-707530153DFC}.Debug|Any CPU.ActiveCfg = Debug|Any CPU
		{84858617-DB74-47D2-B6E2-707530153DFC}.Debug|Any CPU.Build.0 = Debug|Any CPU
		{84858617-DB74-47D2-B6E2-707530153DFC}.Release|Any CPU.ActiveCfg = Release|Any CPU
		{84858617-DB74-47D2-B6E2-707530153DFC}.Release|Any CPU.Build.0 = Release|Any CPU
	EndGlobalSection
	GlobalSection(SolutionProperties) = preSolution
		HideSolutionNode = FALSE
	EndGlobalSection
	GlobalSection(ExtensibilityGlobals) = postSolution
		SolutionGuid = {F0CA0E63-4ECF-42D6-91A0-7E836E560321}
	EndGlobalSection
EndGlobal
